// !$*UTF8*$!
{
	archiveVersion = 1;
	classes = {
	};
	objectVersion = 48;
	objects = {

/* Begin PBXBuildFile section */
		F4E9F65C1FA3A6ED00622F01 /* AppDelegate.swift in Sources */ = {isa = PBXBuildFile; fileRef = F4E9F65B1FA3A6ED00622F01 /* AppDelegate.swift */; };
		F4E9F65E1FA3A6EE00622F01 /* ViewController.swift in Sources */ = {isa = PBXBuildFile; fileRef = F4E9F65D1FA3A6EE00622F01 /* ViewController.swift */; };
		F4E9F6611FA3A6EE00622F01 /* Main.storyboard in Resources */ = {isa = PBXBuildFile; fileRef = F4E9F65F1FA3A6EE00622F01 /* Main.storyboard */; };
		F4E9F6631FA3A6EE00622F01 /* Assets.xcassets in Resources */ = {isa = PBXBuildFile; fileRef = F4E9F6621FA3A6EE00622F01 /* Assets.xcassets */; };
		F4E9F6661FA3A6EE00622F01 /* LaunchScreen.storyboard in Resources */ = {isa = PBXBuildFile; fileRef = F4E9F6641FA3A6EE00622F01 /* LaunchScreen.storyboard */; };
		F4E9F6711FA3A6EF00622F01 /* MemeMeTests.swift in Sources */ = {isa = PBXBuildFile; fileRef = F4E9F6701FA3A6EF00622F01 /* MemeMeTests.swift */; };
		F4E9F67C1FA3A6EF00622F01 /* MemeMeUITests.swift in Sources */ = {isa = PBXBuildFile; fileRef = F4E9F67B1FA3A6EF00622F01 /* MemeMeUITests.swift */; };
/* End PBXBuildFile section */

/* Begin PBXContainerItemProxy section */
		F4E9F66D1FA3A6EF00622F01 /* PBXContainerItemProxy */ = {
			isa = PBXContainerItemProxy;
			containerPortal = F4E9F6501FA3A6EC00622F01 /* Project object */;
			proxyType = 1;
			remoteGlobalIDString = F4E9F6571FA3A6ED00622F01;
			remoteInfo = MemeMe;
		};
		F4E9F6781FA3A6EF00622F01 /* PBXContainerItemProxy */ = {
			isa = PBXContainerItemProxy;
			containerPortal = F4E9F6501FA3A6EC00622F01 /* Project object */;
			proxyType = 1;
			remoteGlobalIDString = F4E9F6571FA3A6ED00622F01;
			remoteInfo = MemeMe;
		};
/* End PBXContainerItemProxy section */

/* Begin PBXFileReference section */
		F4E9F6581FA3A6ED00622F01 /* MemeMe.app */ = {isa = PBXFileReference; explicitFileType = wrapper.application; includeInIndex = 0; path = MemeMe.app; sourceTree = BUILT_PRODUCTS_DIR; };
		F4E9F65B1FA3A6ED00622F01 /* AppDelegate.swift */ = {isa = PBXFileReference; lastKnownFileType = sourcecode.swift; path = AppDelegate.swift; sourceTree = "<group>"; };
		F4E9F65D1FA3A6EE00622F01 /* ViewController.swift */ = {isa = PBXFileReference; lastKnownFileType = sourcecode.swift; path = ViewController.swift; sourceTree = "<group>"; };
		F4E9F6601FA3A6EE00622F01 /* Base */ = {isa = PBXFileReference; lastKnownFileType = file.storyboard; name = Base; path = Base.lproj/Main.storyboard; sourceTree = "<group>"; };
		F4E9F6621FA3A6EE00622F01 /* Assets.xcassets */ = {isa = PBXFileReference; lastKnownFileType = folder.assetcatalog; path = Assets.xcassets; sourceTree = "<group>"; };
		F4E9F6651FA3A6EE00622F01 /* Base */ = {isa = PBXFileReference; lastKnownFileType = file.storyboard; name = Base; path = Base.lproj/LaunchScreen.storyboard; sourceTree = "<group>"; };
		F4E9F6671FA3A6EE00622F01 /* Info.plist */ = {isa = PBXFileReference; lastKnownFileType = text.plist.xml; path = Info.plist; sourceTree = "<group>"; };
		F4E9F66C1FA3A6EF00622F01 /* MemeMeTests.xctest */ = {isa = PBXFileReference; explicitFileType = wrapper.cfbundle; includeInIndex = 0; path = MemeMeTests.xctest; sourceTree = BUILT_PRODUCTS_DIR; };
		F4E9F6701FA3A6EF00622F01 /* MemeMeTests.swift */ = {isa = PBXFileReference; lastKnownFileType = sourcecode.swift; path = MemeMeTests.swift; sourceTree = "<group>"; };
		F4E9F6721FA3A6EF00622F01 /* Info.plist */ = {isa = PBXFileReference; lastKnownFileType = text.plist.xml; path = Info.plist; sourceTree = "<group>"; };
		F4E9F6771FA3A6EF00622F01 /* MemeMeUITests.xctest */ = {isa = PBXFileReference; explicitFileType = wrapper.cfbundle; includeInIndex = 0; path = MemeMeUITests.xctest; sourceTree = BUILT_PRODUCTS_DIR; };
		F4E9F67B1FA3A6EF00622F01 /* MemeMeUITests.swift */ = {isa = PBXFileReference; lastKnownFileType = sourcecode.swift; path = MemeMeUITests.swift; sourceTree = "<group>"; };
		F4E9F67D1FA3A6EF00622F01 /* Info.plist */ = {isa = PBXFileReference; lastKnownFileType = text.plist.xml; path = Info.plist; sourceTree = "<group>"; };
/* End PBXFileReference section */

/* Begin PBXFrameworksBuildPhase section */
		F4E9F6551FA3A6ED00622F01 /* Frameworks */ = {
			isa = PBXFrameworksBuildPhase;
			buildActionMask = 2147483647;
			files = (
			);
			runOnlyForDeploymentPostprocessing = 0;
		};
		F4E9F6691FA3A6EF00622F01 /* Frameworks */ = {
			isa = PBXFrameworksBuildPhase;
			buildActionMask = 2147483647;
			files = (
			);
			runOnlyForDeploymentPostprocessing = 0;
		};
		F4E9F6741FA3A6EF00622F01 /* Frameworks */ = {
			isa = PBXFrameworksBuildPhase;
			buildActionMask = 2147483647;
			files = (
			);
			runOnlyForDeploymentPostprocessing = 0;
		};
/* End PBXFrameworksBuildPhase section */

/* Begin PBXGroup section */
		F4E9F64F1FA3A6EC00622F01 = {
			isa = PBXGroup;
			children = (
				F4E9F65A1FA3A6ED00622F01 /* MemeMe */,
				F4E9F66F1FA3A6EF00622F01 /* MemeMeTests */,
				F4E9F67A1FA3A6EF00622F01 /* MemeMeUITests */,
				F4E9F6591FA3A6ED00622F01 /* Products */,
			);
			sourceTree = "<group>";
		};
		F4E9F6591FA3A6ED00622F01 /* Products */ = {
			isa = PBXGroup;
			children = (
				F4E9F6581FA3A6ED00622F01 /* MemeMe.app */,
				F4E9F66C1FA3A6EF00622F01 /* MemeMeTests.xctest */,
				F4E9F6771FA3A6EF00622F01 /* MemeMeUITests.xctest */,
			);
			name = Products;
			sourceTree = "<group>";
		};
		F4E9F65A1FA3A6ED00622F01 /* MemeMe */ = {
			isa = PBXGroup;
			children = (
				F4E9F65B1FA3A6ED00622F01 /* AppDelegate.swift */,
				F4E9F65D1FA3A6EE00622F01 /* ViewController.swift */,
				F4E9F65F1FA3A6EE00622F01 /* Main.storyboard */,
				F4E9F6621FA3A6EE00622F01 /* Assets.xcassets */,
				F4E9F6641FA3A6EE00622F01 /* LaunchScreen.storyboard */,
				F4E9F6671FA3A6EE00622F01 /* Info.plist */,
			);
			path = MemeMe;
			sourceTree = "<group>";
		};
		F4E9F66F1FA3A6EF00622F01 /* MemeMeTests */ = {
			isa = PBXGroup;
			children = (
				F4E9F6701FA3A6EF00622F01 /* MemeMeTests.swift */,
				F4E9F6721FA3A6EF00622F01 /* Info.plist */,
			);
			path = MemeMeTests;
			sourceTree = "<group>";
		};
		F4E9F67A1FA3A6EF00622F01 /* MemeMeUITests */ = {
			isa = PBXGroup;
			children = (
				F4E9F67B1FA3A6EF00622F01 /* MemeMeUITests.swift */,
				F4E9F67D1FA3A6EF00622F01 /* Info.plist */,
			);
			path = MemeMeUITests;
			sourceTree = "<group>";
		};
/* End PBXGroup section */

/* Begin PBXNativeTarget section */
		F4E9F6571FA3A6ED00622F01 /* MemeMe */ = {
			isa = PBXNativeTarget;
			buildConfigurationList = F4E9F6801FA3A6EF00622F01 /* Build configuration list for PBXNativeTarget "MemeMe" */;
			buildPhases = (
				F4E9F6541FA3A6ED00622F01 /* Sources */,
				F4E9F6551FA3A6ED00622F01 /* Frameworks */,
				F4E9F6561FA3A6ED00622F01 /* Resources */,
			);
			buildRules = (
			);
			dependencies = (
			);
			name = MemeMe;
			productName = MemeMe;
			productReference = F4E9F6581FA3A6ED00622F01 /* MemeMe.app */;
			productType = "com.apple.product-type.application";
		};
		F4E9F66B1FA3A6EF00622F01 /* MemeMeTests */ = {
			isa = PBXNativeTarget;
			buildConfigurationList = F4E9F6831FA3A6EF00622F01 /* Build configuration list for PBXNativeTarget "MemeMeTests" */;
			buildPhases = (
				F4E9F6681FA3A6EF00622F01 /* Sources */,
				F4E9F6691FA3A6EF00622F01 /* Frameworks */,
				F4E9F66A1FA3A6EF00622F01 /* Resources */,
			);
			buildRules = (
			);
			dependencies = (
				F4E9F66E1FA3A6EF00622F01 /* PBXTargetDependency */,
			);
			name = MemeMeTests;
			productName = MemeMeTests;
			productReference = F4E9F66C1FA3A6EF00622F01 /* MemeMeTests.xctest */;
			productType = "com.apple.product-type.bundle.unit-test";
		};
		F4E9F6761FA3A6EF00622F01 /* MemeMeUITests */ = {
			isa = PBXNativeTarget;
			buildConfigurationList = F4E9F6861FA3A6EF00622F01 /* Build configuration list for PBXNativeTarget "MemeMeUITests" */;
			buildPhases = (
				F4E9F6731FA3A6EF00622F01 /* Sources */,
				F4E9F6741FA3A6EF00622F01 /* Frameworks */,
				F4E9F6751FA3A6EF00622F01 /* Resources */,
			);
			buildRules = (
			);
			dependencies = (
				F4E9F6791FA3A6EF00622F01 /* PBXTargetDependency */,
			);
			name = MemeMeUITests;
			productName = MemeMeUITests;
			productReference = F4E9F6771FA3A6EF00622F01 /* MemeMeUITests.xctest */;
			productType = "com.apple.product-type.bundle.ui-testing";
		};
/* End PBXNativeTarget section */

/* Begin PBXProject section */
		F4E9F6501FA3A6EC00622F01 /* Project object */ = {
			isa = PBXProject;
			attributes = {
				LastSwiftUpdateCheck = 0900;
				LastUpgradeCheck = 0900;
				ORGANIZATIONNAME = "Ryan Berry";
				TargetAttributes = {
					F4E9F6571FA3A6ED00622F01 = {
						CreatedOnToolsVersion = 9.0.1;
						ProvisioningStyle = Automatic;
					};
					F4E9F66B1FA3A6EF00622F01 = {
						CreatedOnToolsVersion = 9.0.1;
						ProvisioningStyle = Automatic;
						TestTargetID = F4E9F6571FA3A6ED00622F01;
					};
					F4E9F6761FA3A6EF00622F01 = {
						CreatedOnToolsVersion = 9.0.1;
						ProvisioningStyle = Automatic;
						TestTargetID = F4E9F6571FA3A6ED00622F01;
					};
				};
			};
			buildConfigurationList = F4E9F6531FA3A6EC00622F01 /* Build configuration list for PBXProject "MemeMe" */;
			compatibilityVersion = "Xcode 8.0";
			developmentRegion = en;
			hasScannedForEncodings = 0;
			knownRegions = (
				en,
				Base,
			);
			mainGroup = F4E9F64F1FA3A6EC00622F01;
			productRefGroup = F4E9F6591FA3A6ED00622F01 /* Products */;
			projectDirPath = "";
			projectRoot = "";
			targets = (
				F4E9F6571FA3A6ED00622F01 /* MemeMe */,
				F4E9F66B1FA3A6EF00622F01 /* MemeMeTests */,
				F4E9F6761FA3A6EF00622F01 /* MemeMeUITests */,
			);
		};
/* End PBXProject section */

/* Begin PBXResourcesBuildPhase section */
		F4E9F6561FA3A6ED00622F01 /* Resources */ = {
			isa = PBXResourcesBuildPhase;
			buildActionMask = 2147483647;
			files = (
				F4E9F6661FA3A6EE00622F01 /* LaunchScreen.storyboard in Resources */,
				F4E9F6631FA3A6EE00622F01 /* Assets.xcassets in Resources */,
				F4E9F6611FA3A6EE00622F01 /* Main.storyboard in Resources */,
			);
			runOnlyForDeploymentPostprocessing = 0;
		};
		F4E9F66A1FA3A6EF00622F01 /* Resources */ = {
			isa = PBXResourcesBuildPhase;
			buildActionMask = 2147483647;
			files = (
			);
			runOnlyForDeploymentPostprocessing = 0;
		};
		F4E9F6751FA3A6EF00622F01 /* Resources */ = {
			isa = PBXResourcesBuildPhase;
			buildActionMask = 2147483647;
			files = (
			);
			runOnlyForDeploymentPostprocessing = 0;
		};
/* End PBXResourcesBuildPhase section */

/* Begin PBXSourcesBuildPhase section */
		F4E9F6541FA3A6ED00622F01 /* Sources */ = {
			isa = PBXSourcesBuildPhase;
			buildActionMask = 2147483647;
			files = (
				F4E9F65E1FA3A6EE00622F01 /* ViewController.swift in Sources */,
				F4E9F65C1FA3A6ED00622F01 /* AppDelegate.swift in Sources */,
			);
			runOnlyForDeploymentPostprocessing = 0;
		};
		F4E9F6681FA3A6EF00622F01 /* Sources */ = {
			isa = PBXSourcesBuildPhase;
			buildActionMask = 2147483647;
			files = (
				F4E9F6711FA3A6EF00622F01 /* MemeMeTests.swift in Sources */,
			);
			runOnlyForDeploymentPostprocessing = 0;
		};
		F4E9F6731FA3A6EF00622F01 /* Sources */ = {
			isa = PBXSourcesBuildPhase;
			buildActionMask = 2147483647;
			files = (
				F4E9F67C1FA3A6EF00622F01 /* MemeMeUITests.swift in Sources */,
			);
			runOnlyForDeploymentPostprocessing = 0;
		};
/* End PBXSourcesBuildPhase section */

/* Begin PBXTargetDependency section */
		F4E9F66E1FA3A6EF00622F01 /* PBXTargetDependency */ = {
			isa = PBXTargetDependency;
			target = F4E9F6571FA3A6ED00622F01 /* MemeMe */;
			targetProxy = F4E9F66D1FA3A6EF00622F01 /* PBXContainerItemProxy */;
		};
		F4E9F6791FA3A6EF00622F01 /* PBXTargetDependency */ = {
			isa = PBXTargetDependency;
			target = F4E9F6571FA3A6ED00622F01 /* MemeMe */;
			targetProxy = F4E9F6781FA3A6EF00622F01 /* PBXContainerItemProxy */;
		};
/* End PBXTargetDependency section */

/* Begin PBXVariantGroup section */
		F4E9F65F1FA3A6EE00622F01 /* Main.storyboard */ = {
			isa = PBXVariantGroup;
			children = (
				F4E9F6601FA3A6EE00622F01 /* Base */,
			);
			name = Main.storyboard;
			sourceTree = "<group>";
		};
		F4E9F6641FA3A6EE00622F01 /* LaunchScreen.storyboard */ = {
			isa = PBXVariantGroup;
			children = (
				F4E9F6651FA3A6EE00622F01 /* Base */,
			);
			name = LaunchScreen.storyboard;
			sourceTree = "<group>";
		};
/* End PBXVariantGroup section */

/* Begin XCBuildConfiguration section */
		F4E9F67E1FA3A6EF00622F01 /* Debug */ = {
			isa = XCBuildConfiguration;
			buildSettings = {
				ALWAYS_SEARCH_USER_PATHS = NO;
				CLANG_ANALYZER_NONNULL = YES;
				CLANG_ANALYZER_NUMBER_OBJECT_CONVERSION = YES_AGGRESSIVE;
				CLANG_CXX_LANGUAGE_STANDARD = "gnu++14";
				CLANG_CXX_LIBRARY = "libc++";
				CLANG_ENABLE_MODULES = YES;
				CLANG_ENABLE_OBJC_ARC = YES;
				CLANG_WARN_BLOCK_CAPTURE_AUTORELEASING = YES;
				CLANG_WARN_BOOL_CONVERSION = YES;
				CLANG_WARN_COMMA = YES;
				CLANG_WARN_CONSTANT_CONVERSION = YES;
				CLANG_WARN_DIRECT_OBJC_ISA_USAGE = YES_ERROR;
				CLANG_WARN_DOCUMENTATION_COMMENTS = YES;
				CLANG_WARN_EMPTY_BODY = YES;
				CLANG_WARN_ENUM_CONVERSION = YES;
				CLANG_WARN_INFINITE_RECURSION = YES;
				CLANG_WARN_INT_CONVERSION = YES;
				CLANG_WARN_NON_LITERAL_NULL_CONVERSION = YES;
				CLANG_WARN_OBJC_LITERAL_CONVERSION = YES;
				CLANG_WARN_OBJC_ROOT_CLASS = YES_ERROR;
				CLANG_WARN_RANGE_LOOP_ANALYSIS = YES;
				CLANG_WARN_STRICT_PROTOTYPES = YES;
				CLANG_WARN_SUSPICIOUS_MOVE = YES;
				CLANG_WARN_UNGUARDED_AVAILABILITY = YES_AGGRESSIVE;
				CLANG_WARN_UNREACHABLE_CODE = YES;
				CLANG_WARN__DUPLICATE_METHOD_MATCH = YES;
				CODE_SIGN_IDENTITY = "iPhone Developer";
				COPY_PHASE_STRIP = NO;
				DEBUG_INFORMATION_FORMAT = dwarf;
				ENABLE_STRICT_OBJC_MSGSEND = YES;
				ENABLE_TESTABILITY = YES;
				GCC_C_LANGUAGE_STANDARD = gnu11;
				GCC_DYNAMIC_NO_PIC = NO;
				GCC_NO_COMMON_BLOCKS = YES;
				GCC_OPTIMIZATION_LEVEL = 0;
				GCC_PREPROCESSOR_DEFINITIONS = (
					"DEBUG=1",
					"$(inherited)",
				);
				GCC_WARN_64_TO_32_BIT_CONVERSION = YES;
				GCC_WARN_ABOUT_RETURN_TYPE = YES_ERROR;
				GCC_WARN_UNDECLARED_SELECTOR = YES;
				GCC_WARN_UNINITIALIZED_AUTOS = YES_AGGRESSIVE;
				GCC_WARN_UNUSED_FUNCTION = YES;
				GCC_WARN_UNUSED_VARIABLE = YES;
				IPHONEOS_DEPLOYMENT_TARGET = 11.0;
				MTL_ENABLE_DEBUG_INFO = YES;
				ONLY_ACTIVE_ARCH = YES;
				SDKROOT = iphoneos;
				SWIFT_ACTIVE_COMPILATION_CONDITIONS = DEBUG;
				SWIFT_OPTIMIZATION_LEVEL = "-Onone";
			};
			name = Debug;
		};
		F4E9F67F1FA3A6EF00622F01 /* Release */ = {
			isa = XCBuildConfiguration;
			buildSettings = {
				ALWAYS_SEARCH_USER_PATHS = NO;
				CLANG_ANALYZER_NONNULL = YES;
				CLANG_ANALYZER_NUMBER_OBJECT_CONVERSION = YES_AGGRESSIVE;
				CLANG_CXX_LANGUAGE_STANDARD = "gnu++14";
				CLANG_CXX_LIBRARY = "libc++";
				CLANG_ENABLE_MODULES = YES;
				CLANG_ENABLE_OBJC_ARC = YES;
				CLANG_WARN_BLOCK_CAPTURE_AUTORELEASING = YES;
				CLANG_WARN_BOOL_CONVERSION = YES;
				CLANG_WARN_COMMA = YES;
				CLANG_WARN_CONSTANT_CONVERSION = YES;
				CLANG_WARN_DIRECT_OBJC_ISA_USAGE = YES_ERROR;
				CLANG_WARN_DOCUMENTATION_COMMENTS = YES;
				CLANG_WARN_EMPTY_BODY = YES;
				CLANG_WARN_ENUM_CONVERSION = YES;
				CLANG_WARN_INFINITE_RECURSION = YES;
				CLANG_WARN_INT_CONVERSION = YES;
				CLANG_WARN_NON_LITERAL_NULL_CONVERSION = YES;
				CLANG_WARN_OBJC_LITERAL_CONVERSION = YES;
				CLANG_WARN_OBJC_ROOT_CLASS = YES_ERROR;
				CLANG_WARN_RANGE_LOOP_ANALYSIS = YES;
				CLANG_WARN_STRICT_PROTOTYPES = YES;
				CLANG_WARN_SUSPICIOUS_MOVE = YES;
				CLANG_WARN_UNGUARDED_AVAILABILITY = YES_AGGRESSIVE;
				CLANG_WARN_UNREACHABLE_CODE = YES;
				CLANG_WARN__DUPLICATE_METHOD_MATCH = YES;
				CODE_SIGN_IDENTITY = "iPhone Developer";
				COPY_PHASE_STRIP = NO;
				DEBUG_INFORMATION_FORMAT = "dwarf-with-dsym";
				ENABLE_NS_ASSERTIONS = NO;
				ENABLE_STRICT_OBJC_MSGSEND = YES;
				GCC_C_LANGUAGE_STANDARD = gnu11;
				GCC_NO_COMMON_BLOCKS = YES;
				GCC_WARN_64_TO_32_BIT_CONVERSION = YES;
				GCC_WARN_ABOUT_RETURN_TYPE = YES_ERROR;
				GCC_WARN_UNDECLARED_SELECTOR = YES;
				GCC_WARN_UNINITIALIZED_AUTOS = YES_AGGRESSIVE;
				GCC_WARN_UNUSED_FUNCTION = YES;
				GCC_WARN_UNUSED_VARIABLE = YES;
				IPHONEOS_DEPLOYMENT_TARGET = 11.0;
				MTL_ENABLE_DEBUG_INFO = NO;
				SDKROOT = iphoneos;
				SWIFT_OPTIMIZATION_LEVEL = "-Owholemodule";
				VALIDATE_PRODUCT = YES;
			};
			name = Release;
		};
		F4E9F6811FA3A6EF00622F01 /* Debug */ = {
			isa = XCBuildConfiguration;
			buildSettings = {
				ASSETCATALOG_COMPILER_APPICON_NAME = AppIcon;
				CODE_SIGN_STYLE = Automatic;
				DEVELOPMENT_TEAM = H9358L54K6;
				INFOPLIST_FILE = MemeMe/Info.plist;
				LD_RUNPATH_SEARCH_PATHS = "$(inherited) @executable_path/Frameworks";
				PRODUCT_BUNDLE_IDENTIFIER = com.berry.MemeMe;
				PRODUCT_NAME = "$(TARGET_NAME)";
				SWIFT_VERSION = 4.0;
				TARGETED_DEVICE_FAMILY = "1,2";
			};
			name = Debug;
		};
		F4E9F6821FA3A6EF00622F01 /* Release */ = {
			isa = XCBuildConfiguration;
			buildSettings = {
				ASSETCATALOG_COMPILER_APPICON_NAME = AppIcon;
				CODE_SIGN_STYLE = Automatic;
				DEVELOPMENT_TEAM = H9358L54K6;
				INFOPLIST_FILE = MemeMe/Info.plist;
				LD_RUNPATH_SEARCH_PATHS = "$(inherited) @executable_path/Frameworks";
				PRODUCT_BUNDLE_IDENTIFIER = com.berry.MemeMe;
				PRODUCT_NAME = "$(TARGET_NAME)";
				SWIFT_VERSION = 4.0;
				TARGETED_DEVICE_FAMILY = "1,2";
			};
			name = Release;
		};
		F4E9F6841FA3A6EF00622F01 /* Debug */ = {
			isa = XCBuildConfiguration;
			buildSettings = {
				ALWAYS_EMBED_SWIFT_STANDARD_LIBRARIES = YES;
				BUNDLE_LOADER = "$(TEST_HOST)";
				CODE_SIGN_STYLE = Automatic;
				INFOPLIST_FILE = MemeMeTests/Info.plist;
				LD_RUNPATH_SEARCH_PATHS = "$(inherited) @executable_path/Frameworks @loader_path/Frameworks";
				PRODUCT_BUNDLE_IDENTIFIER = com.berry.MemeMeTests;
				PRODUCT_NAME = "$(TARGET_NAME)";
				SWIFT_VERSION = 4.0;
				TARGETED_DEVICE_FAMILY = "1,2";
				TEST_HOST = "$(BUILT_PRODUCTS_DIR)/MemeMe.app/MemeMe";
			};
			name = Debug;
		};
		F4E9F6851FA3A6EF00622F01 /* Release */ = {
			isa = XCBuildConfiguration;
			buildSettings = {
				ALWAYS_EMBED_SWIFT_STANDARD_LIBRARIES = YES;
				BUNDLE_LOADER = "$(TEST_HOST)";
				CODE_SIGN_STYLE = Automatic;
				INFOPLIST_FILE = MemeMeTests/Info.plist;
				LD_RUNPATH_SEARCH_PATHS = "$(inherited) @executable_path/Frameworks @loader_path/Frameworks";
				PRODUCT_BUNDLE_IDENTIFIER = com.berry.MemeMeTests;
				PRODUCT_NAME = "$(TARGET_NAME)";
				SWIFT_VERSION = 4.0;
				TARGETED_DEVICE_FAMILY = "1,2";
				TEST_HOST = "$(BUILT_PRODUCTS_DIR)/MemeMe.app/MemeMe";
			};
			name = Release;
		};
		F4E9F6871FA3A6EF00622F01 /* Debug */ = {
			isa = XCBuildConfiguration;
			buildSettings = {
				ALWAYS_EMBED_SWIFT_STANDARD_LIBRARIES = YES;
				CODE_SIGN_STYLE = Automatic;
				INFOPLIST_FILE = MemeMeUITests/Info.plist;
				LD_RUNPATH_SEARCH_PATHS = "$(inherited) @executable_path/Frameworks @loader_path/Frameworks";
				PRODUCT_BUNDLE_IDENTIFIER = com.berry.MemeMeUITests;
				PRODUCT_NAME = "$(TARGET_NAME)";
				SWIFT_VERSION = 4.0;
				TARGETED_DEVICE_FAMILY = "1,2";
				TEST_TARGET_NAME = MemeMe;
			};
			name = Debug;
		};
		F4E9F6881FA3A6EF00622F01 /* Release */ = {
			isa = XCBuildConfiguration;
			buildSettings = {
				ALWAYS_EMBED_SWIFT_STANDARD_LIBRARIES = YES;
				CODE_SIGN_STYLE = Automatic;
				INFOPLIST_FILE = MemeMeUITests/Info.plist;
				LD_RUNPATH_SEARCH_PATHS = "$(inherited) @executable_path/Frameworks @loader_path/Frameworks";
				PRODUCT_BUNDLE_IDENTIFIER = com.berry.MemeMeUITests;
				PRODUCT_NAME = "$(TARGET_NAME)";
				SWIFT_VERSION = 4.0;
				TARGETED_DEVICE_FAMILY = "1,2";
				TEST_TARGET_NAME = MemeMe;
			};
			name = Release;
		};
/* End XCBuildConfiguration section */

/* Begin XCConfigurationList section */
		F4E9F6531FA3A6EC00622F01 /* Build configuration list for PBXProject "MemeMe" */ = {
			isa = XCConfigurationList;
			buildConfigurations = (
				F4E9F67E1FA3A6EF00622F01 /* Debug */,
				F4E9F67F1FA3A6EF00622F01 /* Release */,
			);
			defaultConfigurationIsVisible = 0;
			defaultConfigurationName = Release;
		};
		F4E9F6801FA3A6EF00622F01 /* Build configuration list for PBXNativeTarget "MemeMe" */ = {
			isa = XCConfigurationList;
			buildConfigurations = (
				F4E9F6811FA3A6EF00622F01 /* Debug */,
				F4E9F6821FA3A6EF00622F01 /* Release */,
			);
			defaultConfigurationIsVisible = 0;
			defaultConfigurationName = Release;
		};
		F4E9F6831FA3A6EF00622F01 /* Build configuration list for PBXNativeTarget "MemeMeTests" */ = {
			isa = XCConfigurationList;
			buildConfigurations = (
				F4E9F6841FA3A6EF00622F01 /* Debug */,
				F4E9F6851FA3A6EF00622F01 /* Release */,
			);
			defaultConfigurationIsVisible = 0;
			defaultConfigurationName = Release;
		};
		F4E9F6861FA3A6EF00622F01 /* Build configuration list for PBXNativeTarget "MemeMeUITests" */ = {
			isa = XCConfigurationList;
			buildConfigurations = (
				F4E9F6871FA3A6EF00622F01 /* Debug */,
				F4E9F6881FA3A6EF00622F01 /* Release */,
			);
			defaultConfigurationIsVisible = 0;
			defaultConfigurationName = Release;
		};
/* End XCConfigurationList section */
	};
	rootObject = F4E9F6501FA3A6EC00622F01 /* Project object */;
}
